// !$*UTF8*$!
{
	archiveVersion = 1;
	classes = {
	};
	objectVersion = 55;
	objects = {

/* Begin PBXBuildFile section */
		685692BD2743A840006F841E /* AppDelegate.swift in Sources */ = {isa = PBXBuildFile; fileRef = 685692BC2743A840006F841E /* AppDelegate.swift */; };
		685692BF2743A840006F841E /* ViewController.swift in Sources */ = {isa = PBXBuildFile; fileRef = 685692BE2743A840006F841E /* ViewController.swift */; };
		685692C12743A84D006F841E /* Assets.xcassets in Resources */ = {isa = PBXBuildFile; fileRef = 685692C02743A84D006F841E /* Assets.xcassets */; };
		685692C42743A84D006F841E /* Main.storyboard in Resources */ = {isa = PBXBuildFile; fileRef = 685692C22743A84D006F841E /* Main.storyboard */; };
		685692CC27442EE1006F841E /* ProPresenterService.swift in Sources */ = {isa = PBXBuildFile; fileRef = 685692CB27442EE1006F841E /* ProPresenterService.swift */; };
		685692CF27442F95006F841E /* Starscream in Frameworks */ = {isa = PBXBuildFile; productRef = 685692CE27442F95006F841E /* Starscream */; };
		685692D127453EF0006F841E /* ProPresenterMessage.swift in Sources */ = {isa = PBXBuildFile; fileRef = 685692D027453EF0006F841E /* ProPresenterMessage.swift */; };
		685692D427493013006F841E /* Syphon.framework in Frameworks */ = {isa = PBXBuildFile; fileRef = 685692D227493009006F841E /* Syphon.framework */; };
		685692D527493013006F841E /* Syphon.framework in Embed Frameworks */ = {isa = PBXBuildFile; fileRef = 685692D227493009006F841E /* Syphon.framework */; settings = {ATTRIBUTES = (CodeSignOnCopy, RemoveHeadersOnCopy, ); }; };
		685692D827493050006F841E /* SyphonService.swift in Sources */ = {isa = PBXBuildFile; fileRef = 685692D727493050006F841E /* SyphonService.swift */; };
		685692DA27493149006F841E /* MacGraphicsImageRenderer.swift in Sources */ = {isa = PBXBuildFile; fileRef = 685692D927493149006F841E /* MacGraphicsImageRenderer.swift */; };
/* End PBXBuildFile section */

/* Begin PBXCopyFilesBuildPhase section */
		685692D627493013006F841E /* Embed Frameworks */ = {
			isa = PBXCopyFilesBuildPhase;
			buildActionMask = 2147483647;
			dstPath = "";
			dstSubfolderSpec = 10;
			files = (
				685692D527493013006F841E /* Syphon.framework in Embed Frameworks */,
			);
			name = "Embed Frameworks";
			runOnlyForDeploymentPostprocessing = 0;
		};
/* End PBXCopyFilesBuildPhase section */

/* Begin PBXFileReference section */
		685692B92743A840006F841E /* CG Lab Stage Display Link.app */ = {isa = PBXFileReference; explicitFileType = wrapper.application; includeInIndex = 0; path = "CG Lab Stage Display Link.app"; sourceTree = BUILT_PRODUCTS_DIR; };
		685692BC2743A840006F841E /* AppDelegate.swift */ = {isa = PBXFileReference; lastKnownFileType = sourcecode.swift; path = AppDelegate.swift; sourceTree = "<group>"; };
		685692BE2743A840006F841E /* ViewController.swift */ = {isa = PBXFileReference; lastKnownFileType = sourcecode.swift; path = ViewController.swift; sourceTree = "<group>"; };
		685692C02743A84D006F841E /* Assets.xcassets */ = {isa = PBXFileReference; lastKnownFileType = folder.assetcatalog; path = Assets.xcassets; sourceTree = "<group>"; };
		685692C32743A84D006F841E /* Base */ = {isa = PBXFileReference; lastKnownFileType = file.storyboard; name = Base; path = Base.lproj/Main.storyboard; sourceTree = "<group>"; };
		685692C52743A84D006F841E /* CG_Lab_Stage_Display_Link.entitlements */ = {isa = PBXFileReference; lastKnownFileType = text.plist.entitlements; path = CG_Lab_Stage_Display_Link.entitlements; sourceTree = "<group>"; };
		685692CB27442EE1006F841E /* ProPresenterService.swift */ = {isa = PBXFileReference; lastKnownFileType = sourcecode.swift; path = ProPresenterService.swift; sourceTree = "<group>"; };
		685692D027453EF0006F841E /* ProPresenterMessage.swift */ = {isa = PBXFileReference; lastKnownFileType = sourcecode.swift; path = ProPresenterMessage.swift; sourceTree = "<group>"; };
		685692D227493009006F841E /* Syphon.framework */ = {isa = PBXFileReference; lastKnownFileType = wrapper.framework; path = Syphon.framework; sourceTree = "<group>"; };
		685692D727493050006F841E /* SyphonService.swift */ = {isa = PBXFileReference; lastKnownFileType = sourcecode.swift; path = SyphonService.swift; sourceTree = "<group>"; };
		685692D927493149006F841E /* MacGraphicsImageRenderer.swift */ = {isa = PBXFileReference; lastKnownFileType = sourcecode.swift; path = MacGraphicsImageRenderer.swift; sourceTree = "<group>"; };
/* End PBXFileReference section */

/* Begin PBXFrameworksBuildPhase section */
		685692B62743A840006F841E /* Frameworks */ = {
			isa = PBXFrameworksBuildPhase;
			buildActionMask = 2147483647;
			files = (
				685692CF27442F95006F841E /* Starscream in Frameworks */,
				685692D427493013006F841E /* Syphon.framework in Frameworks */,
			);
			runOnlyForDeploymentPostprocessing = 0;
		};
/* End PBXFrameworksBuildPhase section */

/* Begin PBXGroup section */
		685692B02743A840006F841E = {
			isa = PBXGroup;
			children = (
				685692BB2743A840006F841E /* CG Lab Stage Display Link */,
				685692BA2743A840006F841E /* Products */,
			);
			sourceTree = "<group>";
		};
		685692BA2743A840006F841E /* Products */ = {
			isa = PBXGroup;
			children = (
				685692B92743A840006F841E /* CG Lab Stage Display Link.app */,
			);
			name = Products;
			sourceTree = "<group>";
		};
		685692BB2743A840006F841E /* CG Lab Stage Display Link */ = {
			isa = PBXGroup;
			children = (
				685692BC2743A840006F841E /* AppDelegate.swift */,
				685692BE2743A840006F841E /* ViewController.swift */,
				685692D027453EF0006F841E /* ProPresenterMessage.swift */,
				685692CB27442EE1006F841E /* ProPresenterService.swift */,
				685692D727493050006F841E /* SyphonService.swift */,
				685692D927493149006F841E /* MacGraphicsImageRenderer.swift */,
				685692C02743A84D006F841E /* Assets.xcassets */,
				685692C22743A84D006F841E /* Main.storyboard */,
				685692C52743A84D006F841E /* CG_Lab_Stage_Display_Link.entitlements */,
				685692D227493009006F841E /* Syphon.framework */,
			);
			path = "CG Lab Stage Display Link";
			sourceTree = "<group>";
		};
/* End PBXGroup section */

/* Begin PBXNativeTarget section */
		685692B82743A840006F841E /* CG Lab Stage Display Link */ = {
			isa = PBXNativeTarget;
			buildConfigurationList = 685692C82743A84D006F841E /* Build configuration list for PBXNativeTarget "CG Lab Stage Display Link" */;
			buildPhases = (
				685692B52743A840006F841E /* Sources */,
				685692B62743A840006F841E /* Frameworks */,
				685692B72743A840006F841E /* Resources */,
				685692D627493013006F841E /* Embed Frameworks */,
			);
			buildRules = (
			);
			dependencies = (
			);
			name = "CG Lab Stage Display Link";
			packageProductDependencies = (
				685692CE27442F95006F841E /* Starscream */,
			);
			productName = "CG Lab Stage Display Link";
			productReference = 685692B92743A840006F841E /* CG Lab Stage Display Link.app */;
			productType = "com.apple.product-type.application";
		};
/* End PBXNativeTarget section */

/* Begin PBXProject section */
		685692B12743A840006F841E /* Project object */ = {
			isa = PBXProject;
			attributes = {
				BuildIndependentTargetsInParallel = 1;
				LastSwiftUpdateCheck = 1310;
				LastUpgradeCheck = 1310;
				TargetAttributes = {
					685692B82743A840006F841E = {
						CreatedOnToolsVersion = 13.1;
					};
				};
			};
			buildConfigurationList = 685692B42743A840006F841E /* Build configuration list for PBXProject "CG Lab Stage Display Link" */;
			compatibilityVersion = "Xcode 13.0";
			developmentRegion = en;
			hasScannedForEncodings = 0;
			knownRegions = (
				en,
				Base,
			);
			mainGroup = 685692B02743A840006F841E;
			packageReferences = (
				685692CD27442F95006F841E /* XCRemoteSwiftPackageReference "Starscream" */,
			);
			productRefGroup = 685692BA2743A840006F841E /* Products */;
			projectDirPath = "";
			projectRoot = "";
			targets = (
				685692B82743A840006F841E /* CG Lab Stage Display Link */,
			);
		};
/* End PBXProject section */

/* Begin PBXResourcesBuildPhase section */
		685692B72743A840006F841E /* Resources */ = {
			isa = PBXResourcesBuildPhase;
			buildActionMask = 2147483647;
			files = (
				685692C12743A84D006F841E /* Assets.xcassets in Resources */,
				685692C42743A84D006F841E /* Main.storyboard in Resources */,
			);
			runOnlyForDeploymentPostprocessing = 0;
		};
/* End PBXResourcesBuildPhase section */

/* Begin PBXSourcesBuildPhase section */
		685692B52743A840006F841E /* Sources */ = {
			isa = PBXSourcesBuildPhase;
			buildActionMask = 2147483647;
			files = (
				685692BF2743A840006F841E /* ViewController.swift in Sources */,
				685692BD2743A840006F841E /* AppDelegate.swift in Sources */,
				685692D127453EF0006F841E /* ProPresenterMessage.swift in Sources */,
				685692D827493050006F841E /* SyphonService.swift in Sources */,
				685692CC27442EE1006F841E /* ProPresenterService.swift in Sources */,
				685692DA27493149006F841E /* MacGraphicsImageRenderer.swift in Sources */,
			);
			runOnlyForDeploymentPostprocessing = 0;
		};
/* End PBXSourcesBuildPhase section */

/* Begin PBXVariantGroup section */
		685692C22743A84D006F841E /* Main.storyboard */ = {
			isa = PBXVariantGroup;
			children = (
				685692C32743A84D006F841E /* Base */,
			);
			name = Main.storyboard;
			sourceTree = "<group>";
		};
/* End PBXVariantGroup section */

/* Begin XCBuildConfiguration section */
		685692C62743A84D006F841E /* Debug */ = {
			isa = XCBuildConfiguration;
			buildSettings = {
				ALWAYS_SEARCH_USER_PATHS = NO;
				CLANG_ANALYZER_NONNULL = YES;
				CLANG_ANALYZER_NUMBER_OBJECT_CONVERSION = YES_AGGRESSIVE;
				CLANG_CXX_LANGUAGE_STANDARD = "gnu++17";
				CLANG_CXX_LIBRARY = "libc++";
				CLANG_ENABLE_MODULES = YES;
				CLANG_ENABLE_OBJC_ARC = YES;
				CLANG_ENABLE_OBJC_WEAK = YES;
				CLANG_WARN_BLOCK_CAPTURE_AUTORELEASING = YES;
				CLANG_WARN_BOOL_CONVERSION = YES;
				CLANG_WARN_COMMA = YES;
				CLANG_WARN_CONSTANT_CONVERSION = YES;
				CLANG_WARN_DEPRECATED_OBJC_IMPLEMENTATIONS = YES;
				CLANG_WARN_DIRECT_OBJC_ISA_USAGE = YES_ERROR;
				CLANG_WARN_DOCUMENTATION_COMMENTS = YES;
				CLANG_WARN_EMPTY_BODY = YES;
				CLANG_WARN_ENUM_CONVERSION = YES;
				CLANG_WARN_INFINITE_RECURSION = YES;
				CLANG_WARN_INT_CONVERSION = YES;
				CLANG_WARN_NON_LITERAL_NULL_CONVERSION = YES;
				CLANG_WARN_OBJC_IMPLICIT_RETAIN_SELF = YES;
				CLANG_WARN_OBJC_LITERAL_CONVERSION = YES;
				CLANG_WARN_OBJC_ROOT_CLASS = YES_ERROR;
				CLANG_WARN_QUOTED_INCLUDE_IN_FRAMEWORK_HEADER = YES;
				CLANG_WARN_RANGE_LOOP_ANALYSIS = YES;
				CLANG_WARN_STRICT_PROTOTYPES = YES;
				CLANG_WARN_SUSPICIOUS_MOVE = YES;
				CLANG_WARN_UNGUARDED_AVAILABILITY = YES_AGGRESSIVE;
				CLANG_WARN_UNREACHABLE_CODE = YES;
				CLANG_WARN__DUPLICATE_METHOD_MATCH = YES;
				COPY_PHASE_STRIP = NO;
				DEBUG_INFORMATION_FORMAT = dwarf;
				ENABLE_STRICT_OBJC_MSGSEND = YES;
				ENABLE_TESTABILITY = YES;
				GCC_C_LANGUAGE_STANDARD = gnu11;
				GCC_DYNAMIC_NO_PIC = NO;
				GCC_NO_COMMON_BLOCKS = YES;
				GCC_OPTIMIZATION_LEVEL = 0;
				GCC_PREPROCESSOR_DEFINITIONS = (
					"DEBUG=1",
					"$(inherited)",
				);
				GCC_WARN_64_TO_32_BIT_CONVERSION = YES;
				GCC_WARN_ABOUT_RETURN_TYPE = YES_ERROR;
				GCC_WARN_UNDECLARED_SELECTOR = YES;
				GCC_WARN_UNINITIALIZED_AUTOS = YES_AGGRESSIVE;
				GCC_WARN_UNUSED_FUNCTION = YES;
				GCC_WARN_UNUSED_VARIABLE = YES;
				MACOSX_DEPLOYMENT_TARGET = 12.0;
				MTL_ENABLE_DEBUG_INFO = INCLUDE_SOURCE;
				MTL_FAST_MATH = YES;
				ONLY_ACTIVE_ARCH = YES;
				SDKROOT = macosx;
				SWIFT_ACTIVE_COMPILATION_CONDITIONS = DEBUG;
				SWIFT_OPTIMIZATION_LEVEL = "-Onone";
			};
			name = Debug;
		};
		685692C72743A84D006F841E /* Release */ = {
			isa = XCBuildConfiguration;
			buildSettings = {
				ALWAYS_SEARCH_USER_PATHS = NO;
				CLANG_ANALYZER_NONNULL = YES;
				CLANG_ANALYZER_NUMBER_OBJECT_CONVERSION = YES_AGGRESSIVE;
				CLANG_CXX_LANGUAGE_STANDARD = "gnu++17";
				CLANG_CXX_LIBRARY = "libc++";
				CLANG_ENABLE_MODULES = YES;
				CLANG_ENABLE_OBJC_ARC = YES;
				CLANG_ENABLE_OBJC_WEAK = YES;
				CLANG_WARN_BLOCK_CAPTURE_AUTORELEASING = YES;
				CLANG_WARN_BOOL_CONVERSION = YES;
				CLANG_WARN_COMMA = YES;
				CLANG_WARN_CONSTANT_CONVERSION = YES;
				CLANG_WARN_DEPRECATED_OBJC_IMPLEMENTATIONS = YES;
				CLANG_WARN_DIRECT_OBJC_ISA_USAGE = YES_ERROR;
				CLANG_WARN_DOCUMENTATION_COMMENTS = YES;
				CLANG_WARN_EMPTY_BODY = YES;
				CLANG_WARN_ENUM_CONVERSION = YES;
				CLANG_WARN_INFINITE_RECURSION = YES;
				CLANG_WARN_INT_CONVERSION = YES;
				CLANG_WARN_NON_LITERAL_NULL_CONVERSION = YES;
				CLANG_WARN_OBJC_IMPLICIT_RETAIN_SELF = YES;
				CLANG_WARN_OBJC_LITERAL_CONVERSION = YES;
				CLANG_WARN_OBJC_ROOT_CLASS = YES_ERROR;
				CLANG_WARN_QUOTED_INCLUDE_IN_FRAMEWORK_HEADER = YES;
				CLANG_WARN_RANGE_LOOP_ANALYSIS = YES;
				CLANG_WARN_STRICT_PROTOTYPES = YES;
				CLANG_WARN_SUSPICIOUS_MOVE = YES;
				CLANG_WARN_UNGUARDED_AVAILABILITY = YES_AGGRESSIVE;
				CLANG_WARN_UNREACHABLE_CODE = YES;
				CLANG_WARN__DUPLICATE_METHOD_MATCH = YES;
				COPY_PHASE_STRIP = NO;
				DEBUG_INFORMATION_FORMAT = "dwarf-with-dsym";
				ENABLE_NS_ASSERTIONS = NO;
				ENABLE_STRICT_OBJC_MSGSEND = YES;
				GCC_C_LANGUAGE_STANDARD = gnu11;
				GCC_NO_COMMON_BLOCKS = YES;
				GCC_WARN_64_TO_32_BIT_CONVERSION = YES;
				GCC_WARN_ABOUT_RETURN_TYPE = YES_ERROR;
				GCC_WARN_UNDECLARED_SELECTOR = YES;
				GCC_WARN_UNINITIALIZED_AUTOS = YES_AGGRESSIVE;
				GCC_WARN_UNUSED_FUNCTION = YES;
				GCC_WARN_UNUSED_VARIABLE = YES;
				MACOSX_DEPLOYMENT_TARGET = 12.0;
				MTL_ENABLE_DEBUG_INFO = NO;
				MTL_FAST_MATH = YES;
				SDKROOT = macosx;
				SWIFT_COMPILATION_MODE = wholemodule;
				SWIFT_OPTIMIZATION_LEVEL = "-O";
			};
			name = Release;
		};
		685692C92743A84D006F841E /* Debug */ = {
			isa = XCBuildConfiguration;
			buildSettings = {
				ASSETCATALOG_COMPILER_APPICON_NAME = AppIcon;
				ASSETCATALOG_COMPILER_GLOBAL_ACCENT_COLOR_NAME = AccentColor;
				CODE_SIGN_ENTITLEMENTS = "CG Lab Stage Display Link/CG_Lab_Stage_Display_Link.entitlements";
				CODE_SIGN_STYLE = Automatic;
				COMBINE_HIDPI_IMAGES = YES;
				CURRENT_PROJECT_VERSION = 1;
				DEVELOPMENT_TEAM = Y6YFZ5D8GX;
				ENABLE_HARDENED_RUNTIME = YES;
				FRAMEWORK_SEARCH_PATHS = (
					"$(inherited)",
					"$(PROJECT_DIR)/CG\\ Lab\\ Stage\\ Display\\ Link",
					"$(PROJECT_DIR)/CG\\ Lab\\ Stage\\ Display\\ Link",
				);
				GENERATE_INFOPLIST_FILE = YES;
				INFOPLIST_KEY_NSHumanReadableCopyright = "";
				INFOPLIST_KEY_NSMainStoryboardFile = Main;
				INFOPLIST_KEY_NSPrincipalClass = NSApplication;
				LD_RUNPATH_SEARCH_PATHS = (
					"$(inherited)",
					"@executable_path/../Frameworks",
				);
				MARKETING_VERSION = 1.0;
				PRODUCT_BUNDLE_IDENTIFIER = "com.an0thr.CG-Lab-Stage-Display-Link";
				PRODUCT_NAME = "$(TARGET_NAME)";
				SWIFT_EMIT_LOC_STRINGS = YES;
				SWIFT_VERSION = 5.0;
			};
			name = Debug;
		};
		685692CA2743A84D006F841E /* Release */ = {
			isa = XCBuildConfiguration;
			buildSettings = {
				ASSETCATALOG_COMPILER_APPICON_NAME = AppIcon;
				ASSETCATALOG_COMPILER_GLOBAL_ACCENT_COLOR_NAME = AccentColor;
				CODE_SIGN_ENTITLEMENTS = "CG Lab Stage Display Link/CG_Lab_Stage_Display_Link.entitlements";
				CODE_SIGN_STYLE = Automatic;
				COMBINE_HIDPI_IMAGES = YES;
				CURRENT_PROJECT_VERSION = 1;
				DEVELOPMENT_TEAM = Y6YFZ5D8GX;
				ENABLE_HARDENED_RUNTIME = YES;
				FRAMEWORK_SEARCH_PATHS = (
					"$(inherited)",
					"$(PROJECT_DIR)/CG\\ Lab\\ Stage\\ Display\\ Link",
					"$(PROJECT_DIR)/CG\\ Lab\\ Stage\\ Display\\ Link",
				);
				GENERATE_INFOPLIST_FILE = YES;
				INFOPLIST_KEY_NSHumanReadableCopyright = "";
				INFOPLIST_KEY_NSMainStoryboardFile = Main;
				INFOPLIST_KEY_NSPrincipalClass = NSApplication;
				LD_RUNPATH_SEARCH_PATHS = (
					"$(inherited)",
					"@executable_path/../Frameworks",
				);
				MARKETING_VERSION = 1.0;
				PRODUCT_BUNDLE_IDENTIFIER = "com.an0thr.CG-Lab-Stage-Display-Link";
				PRODUCT_NAME = "$(TARGET_NAME)";
				SWIFT_EMIT_LOC_STRINGS = YES;
				SWIFT_VERSION = 5.0;
			};
			name = Release;
		};
/* End XCBuildConfiguration section */

/* Begin XCConfigurationList section */
		685692B42743A840006F841E /* Build configuration list for PBXProject "CG Lab Stage Display Link" */ = {
			isa = XCConfigurationList;
			buildConfigurations = (
				685692C62743A84D006F841E /* Debug */,
				685692C72743A84D006F841E /* Release */,
			);
			defaultConfigurationIsVisible = 0;
			defaultConfigurationName = Release;
		};
		685692C82743A84D006F841E /* Build configuration list for PBXNativeTarget "CG Lab Stage Display Link" */ = {
			isa = XCConfigurationList;
			buildConfigurations = (
				685692C92743A84D006F841E /* Debug */,
				685692CA2743A84D006F841E /* Release */,
			);
			defaultConfigurationIsVisible = 0;
			defaultConfigurationName = Release;
		};
/* End XCConfigurationList section */

/* Begin XCRemoteSwiftPackageReference section */
		685692CD27442F95006F841E /* XCRemoteSwiftPackageReference "Starscream" */ = {
			isa = XCRemoteSwiftPackageReference;
			repositoryURL = "https://github.com/daltoniam/Starscream.git";
			requirement = {
				kind = upToNextMajorVersion;
				minimumVersion = 4.0.0;
			};
		};
/* End XCRemoteSwiftPackageReference section */

/* Begin XCSwiftPackageProductDependency section */
		685692CE27442F95006F841E /* Starscream */ = {
			isa = XCSwiftPackageProductDependency;
			package = 685692CD27442F95006F841E /* XCRemoteSwiftPackageReference "Starscream" */;
			productName = Starscream;
		};
/* End XCSwiftPackageProductDependency section */
	};
	rootObject = 685692B12743A840006F841E /* Project object */;
}
